Microsoft Visual Studio Solution File, Format Version 12.00
# Visual Studio Version 16
VisualStudioVersion = 16.0.30907.101
MinimumVisualStudioVersion = 10.0.40219.1
Project("{2150E333-8FDC-42A3-9474-1A3956D46DE8}") = "src", "src", "{A5251061-DAED-485C-9B6A-C7AA26EE4FC1}"
EndProject
Project("{2150E333-8FDC-42A3-9474-1A3956D46DE8}") = "Catalog", "Catalog", "{9028EA57-F240-44BE-9B21-10010DB872FD}"
EndProject
Project("{9A19103F-16F7-4668-BE54-9A1E7A4F7556}") = "Catalog.API", "Catalog.API\Catalog.API.csproj", "{A7E3803F-0FA0-413C-B237-D5108CA783DF}"
EndProject
Project("{2150E333-8FDC-42A3-9474-1A3956D46DE8}") = "Basket", "Basket", "{AB83D745-06B5-4AC5-B5EE-1C5F93DDF756}"
EndProject
Project("{9A19103F-16F7-4668-BE54-9A1E7A4F7556}") = "Basket.API", "Basket.API\Basket.API.csproj", "{BBF1610A-B5A3-4D20-9556-B48A4C1569C5}"
EndProject
Project("{E53339B2-1760-4266-BCC7-CA923CBCF16C}") = "docker-compose", "docker-compose.dcproj", "{85E4658C-A0C0-42A8-8E72-9861BDDA1AD9}"
EndProject
Project("{2150E333-8FDC-42A3-9474-1A3956D46DE8}") = "Common", "Common", "{67C10372-EF3D-4804-B3DA-C1BE510A6CBD}"
EndProject
Project("{2150E333-8FDC-42A3-9474-1A3956D46DE8}") = "Ordering", "Ordering", "{83B772EE-5469-481E-B5FA-CA26D57BE4CE}"
EndProject
Project("{9A19103F-16F7-4668-BE54-9A1E7A4F7556}") = "EventBusRabbitMQ", "EventBusRabbitMQ\EventBusRabbitMQ.csproj", "{373F0BEC-5759-4296-838D-CD2673BB139F}"
EndProject
Project("{9A19103F-16F7-4668-BE54-9A1E7A4F7556}") = "Ordering.Core", "Ordering\Ordering.Core\Ordering.Core.csproj", "{03FB5F4A-57D9-45F9-861E-66F2F26C8438}"
EndProject
Project("{9A19103F-16F7-4668-BE54-9A1E7A4F7556}") = "Ordering.Infrastructure", "Ordering\Ordering.Infrastructure\Ordering.Infrastructure.csproj", "{8435544E-3938-4D92-8618-A1B9536C2CFF}"
EndProject
Project("{9A19103F-16F7-4668-BE54-9A1E7A4F7556}") = "Ordering.API", "Ordering\Ordering.API\Ordering.API.csproj", "{6910C53C-D866-445D-B760-37AB9924ADDA}"
EndProject
Global
	GlobalSection(SolutionConfigurationPlatforms) = preSolution
		Debug|Any CPU = Debug|Any CPU
		Release|Any CPU = Release|Any CPU
	EndGlobalSection
	GlobalSection(ProjectConfigurationPlatforms) = postSolution
		{A7E3803F-0FA0-413C-B237-D5108CA783DF}.Debug|Any CPU.ActiveCfg = Debug|Any CPU
		{A7E3803F-0FA0-413C-B237-D5108CA783DF}.Debug|Any CPU.Build.0 = Debug|Any CPU
		{A7E3803F-0FA0-413C-B237-D5108CA783DF}.Release|Any CPU.ActiveCfg = Release|Any CPU
		{A7E3803F-0FA0-413C-B237-D5108CA783DF}.Release|Any CPU.Build.0 = Release|Any CPU
		{BBF1610A-B5A3-4D20-9556-B48A4C1569C5}.Debug|Any CPU.ActiveCfg = Debug|Any CPU
		{BBF1610A-B5A3-4D20-9556-B48A4C1569C5}.Debug|Any CPU.Build.0 = Debug|Any CPU
		{BBF1610A-B5A3-4D20-9556-B48A4C1569C5}.Release|Any CPU.ActiveCfg = Release|Any CPU
		{BBF1610A-B5A3-4D20-9556-B48A4C1569C5}.Release|Any CPU.Build.0 = Release|Any CPU
		{85E4658C-A0C0-42A8-8E72-9861BDDA1AD9}.Debug|Any CPU.ActiveCfg = Debug|Any CPU
		{85E4658C-A0C0-42A8-8E72-9861BDDA1AD9}.Debug|Any CPU.Build.0 = Debug|Any CPU
		{85E4658C-A0C0-42A8-8E72-9861BDDA1AD9}.Release|Any CPU.ActiveCfg = Release|Any CPU
		{85E4658C-A0C0-42A8-8E72-9861BDDA1AD9}.Release|Any CPU.Build.0 = Release|Any CPU
		{373F0BEC-5759-4296-838D-CD2673BB139F}.Debug|Any CPU.ActiveCfg = Debug|Any CPU
		{373F0BEC-5759-4296-838D-CD2673BB139F}.Debug|Any CPU.Build.0 = Debug|Any CPU
		{373F0BEC-5759-4296-838D-CD2673BB139F}.Release|Any CPU.ActiveCfg = Release|Any CPU
		{373F0BEC-5759-4296-838D-CD2673BB139F}.Release|Any CPU.Build.0 = Release|Any CPU
		{03FB5F4A-57D9-45F9-861E-66F2F26C8438}.Debug|Any CPU.ActiveCfg = Debug|Any CPU
		{03FB5F4A-57D9-45F9-861E-66F2F26C8438}.Debug|Any CPU.Build.0 = Debug|Any CPU
		{03FB5F4A-57D9-45F9-861E-66F2F26C8438}.Release|Any CPU.ActiveCfg = Release|Any CPU
		{03FB5F4A-57D9-45F9-861E-66F2F26C8438}.Release|Any CPU.Build.0 = Release|Any CPU
		{8435544E-3938-4D92-8618-A1B9536C2CFF}.Debug|Any CPU.ActiveCfg = Debug|Any CPU
		{8435544E-3938-4D92-8618-A1B9536C2CFF}.Debug|Any CPU.Build.0 = Debug|Any CPU
		{8435544E-3938-4D92-8618-A1B9536C2CFF}.Release|Any CPU.ActiveCfg = Release|Any CPU
		{8435544E-3938-4D92-8618-A1B9536C2CFF}.Release|Any CPU.Build.0 = Release|Any CPU
		{6910C53C-D866-445D-B760-37AB9924ADDA}.Debug|Any CPU.ActiveCfg = Debug|Any CPU
		{6910C53C-D866-445D-B760-37AB9924ADDA}.Debug|Any CPU.Build.0 = Debug|Any CPU
		{6910C53C-D866-445D-B760-37AB9924ADDA}.Release|Any CPU.ActiveCfg = Release|Any CPU
		{6910C53C-D866-445D-B760-37AB9924ADDA}.Release|Any CPU.Build.0 = Release|Any CPU
	EndGlobalSection
	GlobalSection(SolutionProperties) = preSolution
		HideSolutionNode = FALSE
	EndGlobalSection
	GlobalSection(NestedProjects) = preSolution
		{9028EA57-F240-44BE-9B21-10010DB872FD} = {A5251061-DAED-485C-9B6A-C7AA26EE4FC1}
		{A7E3803F-0FA0-413C-B237-D5108CA783DF} = {9028EA57-F240-44BE-9B21-10010DB872FD}
		{AB83D745-06B5-4AC5-B5EE-1C5F93DDF756} = {A5251061-DAED-485C-9B6A-C7AA26EE4FC1}
		{BBF1610A-B5A3-4D20-9556-B48A4C1569C5} = {AB83D745-06B5-4AC5-B5EE-1C5F93DDF756}
		{67C10372-EF3D-4804-B3DA-C1BE510A6CBD} = {A5251061-DAED-485C-9B6A-C7AA26EE4FC1}
		{83B772EE-5469-481E-B5FA-CA26D57BE4CE} = {A5251061-DAED-485C-9B6A-C7AA26EE4FC1}
		{373F0BEC-5759-4296-838D-CD2673BB139F} = {67C10372-EF3D-4804-B3DA-C1BE510A6CBD}
		{03FB5F4A-57D9-45F9-861E-66F2F26C8438} = {83B772EE-5469-481E-B5FA-CA26D57BE4CE}
		{8435544E-3938-4D92-8618-A1B9536C2CFF} = {83B772EE-5469-481E-B5FA-CA26D57BE4CE}
		{6910C53C-D866-445D-B760-37AB9924ADDA} = {83B772EE-5469-481E-B5FA-CA26D57BE4CE}
	EndGlobalSection
	GlobalSection(ExtensibilityGlobals) = postSolution
		SolutionGuid = {5B5815B0-734C-43B7-9A92-3FD3ED298696}
	EndGlobalSection
EndGlobal
